<?xml version="1.0" encoding="UTF-8" standalone="yes" ?>
<CodeBlocks_project_file>
	<FileVersion major="1" minor="6" />
	<Project>
		<Option title="AllegroProj" />
		<Option pch_mode="2" />
		<Option compiler="gcc" />
		<Build>
			<Target title="Debug">
				<Option output="bin/Debug/AllegroProj" prefix_auto="1" extension_auto="1" />
				<Option object_output="obj/Debug/" />
				<Option type="1" />
				<Option compiler="gcc" />
				<Compiler>
					<Add option="-g" />
					<Add directory="D:/AllegroLib_5.2.8/include" />
				</Compiler>
				<Linker>
					<Add option="-s" />
					<Add option="-static-libstdc++" />
					<Add option="-static-libgcc" />
					<Add option="-static" />
					<Add option="-lallegro_monolith-debug.dll" />
					<Add option="-lallegro_acodec-debug.dll" />
					<Add option="-lallegro_audio-debug.dll" />
					<Add option="-lallegro_color-debug.dll" />
					<Add option="-lallegro_dialog-debug.dll" />
					<Add option="-lallegro_font-debug.dll" />
					<Add option="-lallegro_image-debug.dll" />
					<Add option="-lallegro_main-debug.dll" />
					<Add option="-lallegro_memfile-debug.dll" />
					<Add option="-lallegro_physfs-debug.dll" />
					<Add option="-lallegro_primitives-debug.dll" />
					<Add option="-lallegro_ttf-debug.dll" />
					<Add option="-lallegro_video-debug.dll" />
					<Add option="-lallegro-debug.dll" />
					<Add option="-ldumb" />
					<Add option="-lFLAC" />
					<Add option="-lfreetype" />
					<Add option="-ljpeg" />
					<Add option="-logg" />
					<Add option="-lopus" />
					<Add option="-lopusfile" />
					<Add option="-lphysfs" />
					<Add option="-lpng16" />
					<Add option="-ltheoradec" />
					<Add option="-lvorbis" />
					<Add option="-lvorbisfile" />
					<Add option="-lwebp" />
					<Add option="-lwebpdecoder" />
					<Add option="-lwebpdemux" />
					<Add option="-lzlib" />
					<Add option="-lstdc++" />
					<Add directory="D:/AllegroLib_5.2.8/lib" />
				</Linker>
			</Target>
			<Target title="Release">
				<Option output="bin/Release/AllegroProj" prefix_auto="1" extension_auto="1" />
				<Option object_output="obj/Release/" />
				<Option type="1" />
				<Option compiler="gcc" />
				<Compiler>
					<Add option="-O2" />
				</Compiler>
				<Linker>
					<Add option="-s" />
					<Add option="-lallegro_monolith.dll" />
					<Add option="-lallegro_acodec.dll" />
					<Add option="-lallegro_audio.dll" />
					<Add option="-lallegro_color.dll" />
					<Add option="-lallegro_dialog.dll" />
					<Add option="-lallegro_font.dll" />
					<Add option="-lallegro_image.dll" />
					<Add option="-lallegro_main.dll" />
					<Add option="-lallegro_memfile.dll" />
					<Add option="-lallegro_physfs.dll" />
					<Add option="-lallegro_primitives.dll" />
					<Add option="-lallegro_ttf.dll" />
					<Add option="-lallegro_video.dll" />
					<Add option="-lallegro.dll" />
					<Add option="-ldumb" />
					<Add option="-lFLAC" />
					<Add option="-lfreetype" />
					<Add option="-ljpeg" />
					<Add option="-logg" />
					<Add option="-lopus" />
					<Add option="-lopusfile" />
					<Add option="-lphysfs" />
					<Add option="-lpng16" />
					<Add option="-ltheoradec" />
					<Add option="-lvorbis" />
					<Add option="-lvorbisfile" />
					<Add option="-lwebp" />
					<Add option="-lwebpdecoder" />
					<Add option="-lwebpdemux" />
					<Add option="-lzlib" />
					<Add option="-lstdc++" />
				</Linker>
			</Target>
		</Build>
		<Compiler>
			<Add option="-Wall" />
			<Add directory="D:/AllegroLib_5.2.8/include" />
		</Compiler>
		<Linker>
			<Add directory="D:/AllegroLib_5.2.8/lib" />
		</Linker>
		<Unit filename="buy_land.c">
			<Option compilerVar="CC" />
		</Unit>
		<Unit filename="chance.c">
			<Option compilerVar="CC" />
		</Unit>
		<Unit filename="char.c">
			<Option compilerVar="CC" />
		</Unit>
		<Unit filename="choosingprop.c">
			<Option compilerVar="CC" />
		</Unit>
		<Unit filename="define_map.c">
			<Option compilerVar="CC" />
		</Unit>
		<Unit filename="dice.c">
			<Option compilerVar="CC" />
		</Unit>
		<Unit filename="draw_number.c">
			<Option compilerVar="CC" />
		</Unit>
		<Unit filename="help.c">
			<Option compilerVar="CC" />
		</Unit>
		<Unit filename="main.c">
			<Option compilerVar="CC" />
		</Unit>
		<Unit filename="map_button.c">
			<Option compilerVar="CC" />
		</Unit>
		<Unit filename="menu1.c">
			<Option compilerVar="CC" />
		</Unit>
		<Unit filename="move.c">
			<Option compilerVar="CC" />
		</Unit>
		<Unit filename="pay_money.c">
			<Option compilerVar="CC" />
		</Unit>
		<Unit filename="rank.c">
			<Option compilerVar="CC" />
		</Unit>
		<Unit filename="round.c">
			<Option compilerVar="CC" />
		</Unit>
		<Unit filename="start.c">
			<Option compilerVar="CC" />
		</Unit>
		<Unit filename="the_final_report.h" />
		<Extensions>
			<lib_finder disable_auto="1" />
		</Extensions>
	</Project>
</CodeBlocks_project_file>
